
Microsoft Visual Studio Solution File, Format Version 12.00
# Visual Studio Version 16
VisualStudioVersion = 16.0.31424.327
MinimumVisualStudioVersion = 10.0.40219.1
Project("{FAE04EC0-301F-11D3-BF4B-00C04F79EFBC}") = "JSON işlemleri", "JSON işlemleri\JSON işlemleri.csproj", "{1FB9C11C-5DB5-4998-89F4-B77995F38A1D}"
EndProject
Global
	GlobalSection(SolutionConfigurationPlatforms) = preSolution
		Debug|Any CPU = Debug|Any CPU
		Release|Any CPU = Release|Any CPU
	EndGlobalSection
	GlobalSection(ProjectConfigurationPlatforms) = postSolution
		{1FB9C11C-5DB5-4998-89F4-B77995F38A1D}.Debug|Any CPU.ActiveCfg = Debug|Any CPU
		{1FB9C11C-5DB5-4998-89F4-B77995F38A1D}.Debug|Any CPU.Build.0 = Debug|Any CPU
		{1FB9C11C-5DB5-4998-89F4-B77995F38A1D}.Release|Any CPU.ActiveCfg = Release|Any CPU
		{1FB9C11C-5DB5-4998-89F4-B77995F38A1D}.Release|Any CPU.Build.0 = Release|Any CPU
	EndGlobalSection
	GlobalSection(SolutionProperties) = preSolution
		HideSolutionNode = FALSE
	EndGlobalSection
	GlobalSection(ExtensibilityGlobals) = postSolution
		SolutionGuid = {370D052A-2604-47E4-B8E5-DCB79A2076CB}
	EndGlobalSection
EndGlobal
